
Microsoft Visual Studio Solution File, Format Version 12.00
# Visual Studio Version 17
VisualStudioVersion = 17.14.36127.28
MinimumVisualStudioVersion = 10.0.40219.1
Project("{FAE04EC0-301F-11D3-BF4B-00C04F79EFBC}") = "PermissionStack.API", "PermissionStack.API\PermissionStack.API.csproj", "{DA6671FC-F8E8-404D-A5AF-72AEC94FEB16}"
EndProject
Project("{FAE04EC0-301F-11D3-BF4B-00C04F79EFBC}") = "PermissionStack.Application", "PermissionStack.Application\PermissionStack.Application.csproj", "{592B9A9D-B94B-479D-9B5A-74EE4EB36F04}"
EndProject
Project("{FAE04EC0-301F-11D3-BF4B-00C04F79EFBC}") = "PermissionStack.Infrastructure", "PermissionStack.Infrastructure\PermissionStack.Infrastructure.csproj", "{06654CE7-04E5-48C3-B752-975CFFF94CC3}"
EndProject
Project("{FAE04EC0-301F-11D3-BF4B-00C04F79EFBC}") = "PermissionStack.Domain", "PermissionStack.Domain\PermissionStack.Domain.csproj", "{06111817-9925-437B-AC47-656B4026024C}"
EndProject
Project("{FAE04EC0-301F-11D3-BF4B-00C04F79EFBC}") = "PermissionStack.Tests", "PermissionStack.Tests\PermissionStack.Tests.csproj", "{EAC908DF-CC0B-6EED-4329-267C2E22BEB5}"
EndProject
Global
	GlobalSection(SolutionConfigurationPlatforms) = preSolution
		Debug|Any CPU = Debug|Any CPU
		Release|Any CPU = Release|Any CPU
	EndGlobalSection
	GlobalSection(ProjectConfigurationPlatforms) = postSolution
		{DA6671FC-F8E8-404D-A5AF-72AEC94FEB16}.Debug|Any CPU.ActiveCfg = Debug|Any CPU
		{DA6671FC-F8E8-404D-A5AF-72AEC94FEB16}.Debug|Any CPU.Build.0 = Debug|Any CPU
		{DA6671FC-F8E8-404D-A5AF-72AEC94FEB16}.Release|Any CPU.ActiveCfg = Release|Any CPU
		{DA6671FC-F8E8-404D-A5AF-72AEC94FEB16}.Release|Any CPU.Build.0 = Release|Any CPU
		{592B9A9D-B94B-479D-9B5A-74EE4EB36F04}.Debug|Any CPU.ActiveCfg = Debug|Any CPU
		{592B9A9D-B94B-479D-9B5A-74EE4EB36F04}.Debug|Any CPU.Build.0 = Debug|Any CPU
		{592B9A9D-B94B-479D-9B5A-74EE4EB36F04}.Release|Any CPU.ActiveCfg = Release|Any CPU
		{592B9A9D-B94B-479D-9B5A-74EE4EB36F04}.Release|Any CPU.Build.0 = Release|Any CPU
		{06654CE7-04E5-48C3-B752-975CFFF94CC3}.Debug|Any CPU.ActiveCfg = Debug|Any CPU
		{06654CE7-04E5-48C3-B752-975CFFF94CC3}.Debug|Any CPU.Build.0 = Debug|Any CPU
		{06654CE7-04E5-48C3-B752-975CFFF94CC3}.Release|Any CPU.ActiveCfg = Release|Any CPU
		{06654CE7-04E5-48C3-B752-975CFFF94CC3}.Release|Any CPU.Build.0 = Release|Any CPU
		{06111817-9925-437B-AC47-656B4026024C}.Debug|Any CPU.ActiveCfg = Debug|Any CPU
		{06111817-9925-437B-AC47-656B4026024C}.Debug|Any CPU.Build.0 = Debug|Any CPU
		{06111817-9925-437B-AC47-656B4026024C}.Release|Any CPU.ActiveCfg = Release|Any CPU
		{06111817-9925-437B-AC47-656B4026024C}.Release|Any CPU.Build.0 = Release|Any CPU
		{EAC908DF-CC0B-6EED-4329-267C2E22BEB5}.Debug|Any CPU.ActiveCfg = Debug|Any CPU
		{EAC908DF-CC0B-6EED-4329-267C2E22BEB5}.Debug|Any CPU.Build.0 = Debug|Any CPU
		{EAC908DF-CC0B-6EED-4329-267C2E22BEB5}.Release|Any CPU.ActiveCfg = Release|Any CPU
		{EAC908DF-CC0B-6EED-4329-267C2E22BEB5}.Release|Any CPU.Build.0 = Release|Any CPU
	EndGlobalSection
	GlobalSection(SolutionProperties) = preSolution
		HideSolutionNode = FALSE
	EndGlobalSection
	GlobalSection(ExtensibilityGlobals) = postSolution
		SolutionGuid = {F0CC8F50-678F-4AA3-84B7-432AC3FA469E}
	EndGlobalSection
EndGlobal
